
Microsoft Visual Studio Solution File, Format Version 12.00
# Visual Studio Version 16
VisualStudioVersion = 25.0.1705.0
MinimumVisualStudioVersion = 10.0.40219.1
Project("{FAE04EC0-301F-11D3-BF4B-00C04F79EFBC}") = "DotNetSeleniumTemplate", "DotNetSeleniumTemplate\DotNetSeleniumTemplate.csproj", "{3541D76A-854F-463B-BF7F-5CA85B3B5414}"
EndProject
Project("{2150E333-8FDC-42A3-9474-1A3956D46DE8}") = "Solution Items", "Solution Items", "{E8F26E25-8112-45CA-B80B-77FCCFCFEE59}"
	ProjectSection(SolutionItems) = preProject
		.gitignore = .gitignore
	EndProjectSection
EndProject
Global
	GlobalSection(SolutionConfigurationPlatforms) = preSolution
		Debug|Any CPU = Debug|Any CPU
		Release|Any CPU = Release|Any CPU
	EndGlobalSection
	GlobalSection(ProjectConfigurationPlatforms) = postSolution
		{3541D76A-854F-463B-BF7F-5CA85B3B5414}.Debug|Any CPU.ActiveCfg = Debug|Any CPU
		{3541D76A-854F-463B-BF7F-5CA85B3B5414}.Debug|Any CPU.Build.0 = Debug|Any CPU
		{3541D76A-854F-463B-BF7F-5CA85B3B5414}.Release|Any CPU.ActiveCfg = Release|Any CPU
		{3541D76A-854F-463B-BF7F-5CA85B3B5414}.Release|Any CPU.Build.0 = Release|Any CPU
	EndGlobalSection
	GlobalSection(SolutionProperties) = preSolution
		HideSolutionNode = FALSE
	EndGlobalSection
	GlobalSection(ExtensibilityGlobals) = postSolution
		SolutionGuid = {B30E00E5-5946-457A-A550-C9973CDFB916}
	EndGlobalSection
EndGlobal
